
Microsoft Visual Studio Solution File, Format Version 12.00
# Visual Studio Version 17
VisualStudioVersion = 17.6.33815.320
MinimumVisualStudioVersion = 10.0.40219.1
Project("{FAE04EC0-301F-11D3-BF4B-00C04F79EFBC}") = "Arrays", "Arrays.csproj", "{021D9257-FB35-4647-B988-5ACB6A8EAC4A}"
EndProject
Global
	GlobalSection(SolutionConfigurationPlatforms) = preSolution
		Debug|Any CPU = Debug|Any CPU
		Release|Any CPU = Release|Any CPU
	EndGlobalSection
	GlobalSection(ProjectConfigurationPlatforms) = postSolution
		{021D9257-FB35-4647-B988-5ACB6A8EAC4A}.Debug|Any CPU.ActiveCfg = Debug|Any CPU
		{021D9257-FB35-4647-B988-5ACB6A8EAC4A}.Debug|Any CPU.Build.0 = Debug|Any CPU
		{021D9257-FB35-4647-B988-5ACB6A8EAC4A}.Release|Any CPU.ActiveCfg = Release|Any CPU
		{021D9257-FB35-4647-B988-5ACB6A8EAC4A}.Release|Any CPU.Build.0 = Release|Any CPU
	EndGlobalSection
	GlobalSection(SolutionProperties) = preSolution
		HideSolutionNode = FALSE
	EndGlobalSection
	GlobalSection(ExtensibilityGlobals) = postSolution
		SolutionGuid = {EB2CE4FD-D96B-40D4-A011-7E6DC92C1174}
	EndGlobalSection
EndGlobal
